
Microsoft Visual Studio Solution File, Format Version 12.00
# Visual Studio Version 16
VisualStudioVersion = 16.0.29509.3
MinimumVisualStudioVersion = 10.0.40219.1
Project("{FAE04EC0-301F-11D3-BF4B-00C04F79EFBC}") = "CSH_Lab06", "CSH_Lab06\CSH_Lab06.csproj", "{0340A424-26C6-45CE-8BAB-65D4B765CF01}"
EndProject
Global
	GlobalSection(SolutionConfigurationPlatforms) = preSolution
		Debug|Any CPU = Debug|Any CPU
		Release|Any CPU = Release|Any CPU
	EndGlobalSection
	GlobalSection(ProjectConfigurationPlatforms) = postSolution
		{0340A424-26C6-45CE-8BAB-65D4B765CF01}.Debug|Any CPU.ActiveCfg = Debug|Any CPU
		{0340A424-26C6-45CE-8BAB-65D4B765CF01}.Debug|Any CPU.Build.0 = Debug|Any CPU
		{0340A424-26C6-45CE-8BAB-65D4B765CF01}.Release|Any CPU.ActiveCfg = Release|Any CPU
		{0340A424-26C6-45CE-8BAB-65D4B765CF01}.Release|Any CPU.Build.0 = Release|Any CPU
	EndGlobalSection
	GlobalSection(SolutionProperties) = preSolution
		HideSolutionNode = FALSE
	EndGlobalSection
	GlobalSection(ExtensibilityGlobals) = postSolution
		SolutionGuid = {2B62BA6E-B975-4750-959B-E4FFD6C4EB60}
	EndGlobalSection
EndGlobal
